
Microsoft Visual Studio Solution File, Format Version 12.00
# Visual Studio Version 17
VisualStudioVersion = 17.14.36518.9 d17.14
MinimumVisualStudioVersion = 10.0.40219.1
Project("{FAE04EC0-301F-11D3-BF4B-00C04F79EFBC}") = "CardsDBZ_Server", "CardsDBZ_Server\CardsDBZ_Server.csproj", "{580E3474-1542-4C94-A61D-1AA4C895314C}"
EndProject
Global
	GlobalSection(SolutionConfigurationPlatforms) = preSolution
		Debug|Any CPU = Debug|Any CPU
		Release|Any CPU = Release|Any CPU
	EndGlobalSection
	GlobalSection(ProjectConfigurationPlatforms) = postSolution
		{580E3474-1542-4C94-A61D-1AA4C895314C}.Debug|Any CPU.ActiveCfg = Debug|Any CPU
		{580E3474-1542-4C94-A61D-1AA4C895314C}.Debug|Any CPU.Build.0 = Debug|Any CPU
		{580E3474-1542-4C94-A61D-1AA4C895314C}.Release|Any CPU.ActiveCfg = Release|Any CPU
		{580E3474-1542-4C94-A61D-1AA4C895314C}.Release|Any CPU.Build.0 = Release|Any CPU
	EndGlobalSection
	GlobalSection(SolutionProperties) = preSolution
		HideSolutionNode = FALSE
	EndGlobalSection
	GlobalSection(ExtensibilityGlobals) = postSolution
		SolutionGuid = {B4E5A568-ED38-478C-99BA-08335D6F5658}
	EndGlobalSection
EndGlobal
